
Microsoft Visual Studio Solution File, Format Version 12.00
# Visual Studio Version 17
VisualStudioVersion = 17.6.33829.357
MinimumVisualStudioVersion = 10.0.40219.1
Project("{FAE04EC0-301F-11D3-BF4B-00C04F79EFBC}") = "Task 6", "Task 6\Task 6.csproj", "{96946001-B65E-45C1-98F7-FB084A3625B6}"
EndProject
Global
	GlobalSection(SolutionConfigurationPlatforms) = preSolution
		Debug|Any CPU = Debug|Any CPU
		Release|Any CPU = Release|Any CPU
	EndGlobalSection
	GlobalSection(ProjectConfigurationPlatforms) = postSolution
		{96946001-B65E-45C1-98F7-FB084A3625B6}.Debug|Any CPU.ActiveCfg = Debug|Any CPU
		{96946001-B65E-45C1-98F7-FB084A3625B6}.Debug|Any CPU.Build.0 = Debug|Any CPU
		{96946001-B65E-45C1-98F7-FB084A3625B6}.Release|Any CPU.ActiveCfg = Release|Any CPU
		{96946001-B65E-45C1-98F7-FB084A3625B6}.Release|Any CPU.Build.0 = Release|Any CPU
	EndGlobalSection
	GlobalSection(SolutionProperties) = preSolution
		HideSolutionNode = FALSE
	EndGlobalSection
	GlobalSection(ExtensibilityGlobals) = postSolution
		SolutionGuid = {31F23157-F7C8-4398-8115-7482B6C05101}
	EndGlobalSection
EndGlobal
